
Microsoft Visual Studio Solution File, Format Version 12.00
# Visual Studio Version 17
VisualStudioVersion = 17.7.34009.444
MinimumVisualStudioVersion = 10.0.40219.1
Project("{888888A0-9F3D-457C-B088-3A5042F75D52}") = "TeeOffGolf", "TeeOffGolf\TeeOffGolf.pyproj", "{8249F16C-4D96-4DFD-AEFE-2268321EF154}"
EndProject
Global
	GlobalSection(SolutionConfigurationPlatforms) = preSolution
		Debug|Any CPU = Debug|Any CPU
		Release|Any CPU = Release|Any CPU
	EndGlobalSection
	GlobalSection(ProjectConfigurationPlatforms) = postSolution
		{8249F16C-4D96-4DFD-AEFE-2268321EF154}.Debug|Any CPU.ActiveCfg = Debug|Any CPU
		{8249F16C-4D96-4DFD-AEFE-2268321EF154}.Debug|Any CPU.Build.0 = Debug|Any CPU
		{8249F16C-4D96-4DFD-AEFE-2268321EF154}.Release|Any CPU.ActiveCfg = Release|Any CPU
		{8249F16C-4D96-4DFD-AEFE-2268321EF154}.Release|Any CPU.Build.0 = Release|Any CPU
	EndGlobalSection
	GlobalSection(SolutionProperties) = preSolution
		HideSolutionNode = FALSE
	EndGlobalSection
	GlobalSection(ExtensibilityGlobals) = postSolution
		SolutionGuid = {4B39A8B2-0034-4104-B0B5-CEB6CE4FEA65}
	EndGlobalSection
EndGlobal
